
Microsoft Visual Studio Solution File, Format Version 12.00
# Visual Studio Version 17
VisualStudioVersion = 17.9.34616.47
MinimumVisualStudioVersion = 10.0.40219.1
Project("{9A19103F-16F7-4668-BE54-9A1E7A4F7556}") = "passgen", "passgen.csproj", "{69D8D7D6-4B49-4E18-8367-EF71BF0F8745}"
EndProject
Global
	GlobalSection(SolutionConfigurationPlatforms) = preSolution
		Debug|Any CPU = Debug|Any CPU
		Release|Any CPU = Release|Any CPU
	EndGlobalSection
	GlobalSection(ProjectConfigurationPlatforms) = postSolution
		{69D8D7D6-4B49-4E18-8367-EF71BF0F8745}.Debug|Any CPU.ActiveCfg = Debug|Any CPU
		{69D8D7D6-4B49-4E18-8367-EF71BF0F8745}.Debug|Any CPU.Build.0 = Debug|Any CPU
		{69D8D7D6-4B49-4E18-8367-EF71BF0F8745}.Release|Any CPU.ActiveCfg = Release|Any CPU
		{69D8D7D6-4B49-4E18-8367-EF71BF0F8745}.Release|Any CPU.Build.0 = Release|Any CPU
	EndGlobalSection
	GlobalSection(SolutionProperties) = preSolution
		HideSolutionNode = FALSE
	EndGlobalSection
	GlobalSection(ExtensibilityGlobals) = postSolution
		SolutionGuid = {1A744BA8-B7D0-45A1-A0F6-384F0C90786F}
	EndGlobalSection
EndGlobal
